// !$*UTF8*$!
{
	archiveVersion = 1;
	classes = {
	};
	objectVersion = 56;
	objects = {

/* Begin PBXBuildFile section */
		04A823C52BFCF7520006011D /* InfoUser.swift in Sources */ = {isa = PBXBuildFile; fileRef = 04A823C42BFCF7520006011D /* InfoUser.swift */; };
		04A823C72BFCFC1B0006011D /* Time.swift in Sources */ = {isa = PBXBuildFile; fileRef = 04A823C62BFCFC1B0006011D /* Time.swift */; };
		04A823C92BFD05D10006011D /* TimePickerController.swift in Sources */ = {isa = PBXBuildFile; fileRef = 04A823C82BFD05D10006011D /* TimePickerController.swift */; };
		0C3D3C742BFDD23B00ABE79B /* FMDatabaseQueue.m in Sources */ = {isa = PBXBuildFile; fileRef = 0C3D3C6A2BFDD23A00ABE79B /* FMDatabaseQueue.m */; };
		0C3D3C752BFDD23B00ABE79B /* FMDatabasePool.m in Sources */ = {isa = PBXBuildFile; fileRef = 0C3D3C6C2BFDD23B00ABE79B /* FMDatabasePool.m */; };
		0C3D3C762BFDD23B00ABE79B /* FMResultSet.m in Sources */ = {isa = PBXBuildFile; fileRef = 0C3D3C6D2BFDD23B00ABE79B /* FMResultSet.m */; };
		0C3D3C772BFDD23B00ABE79B /* FMDatabaseAdditions.m in Sources */ = {isa = PBXBuildFile; fileRef = 0C3D3C6E2BFDD23B00ABE79B /* FMDatabaseAdditions.m */; };
		0C3D3C782BFDD23B00ABE79B /* FMDatabase.m in Sources */ = {isa = PBXBuildFile; fileRef = 0C3D3C702BFDD23B00ABE79B /* FMDatabase.m */; };
		0C3D3C7C2BFDD2CD00ABE79B /* Database.swift in Sources */ = {isa = PBXBuildFile; fileRef = 0C3D3C7B2BFDD2CD00ABE79B /* Database.swift */; };
		0C3D3C7F2BFDD3D000ABE79B /* libsqlite3.0.tbd in Frameworks */ = {isa = PBXBuildFile; fileRef = 0C3D3C7E2BFDD3D000ABE79B /* libsqlite3.0.tbd */; };
		3F291C162BECCFD20044D373 /* AppDelegate.swift in Sources */ = {isa = PBXBuildFile; fileRef = 3F291C152BECCFD20044D373 /* AppDelegate.swift */; };
		3F291C182BECCFD20044D373 /* SceneDelegate.swift in Sources */ = {isa = PBXBuildFile; fileRef = 3F291C172BECCFD20044D373 /* SceneDelegate.swift */; };
		3F291C1A2BECCFD20044D373 /* ViewController.swift in Sources */ = {isa = PBXBuildFile; fileRef = 3F291C192BECCFD20044D373 /* ViewController.swift */; };
		3F291C1D2BECCFD20044D373 /* Main.storyboard in Resources */ = {isa = PBXBuildFile; fileRef = 3F291C1B2BECCFD20044D373 /* Main.storyboard */; };
		3F291C202BECCFD20044D373 /* WaterReminder.xcdatamodeld in Sources */ = {isa = PBXBuildFile; fileRef = 3F291C1E2BECCFD20044D373 /* WaterReminder.xcdatamodeld */; };
		3F291C222BECCFD40044D373 /* Assets.xcassets in Resources */ = {isa = PBXBuildFile; fileRef = 3F291C212BECCFD40044D373 /* Assets.xcassets */; };
		3F291C252BECCFD40044D373 /* LaunchScreen.storyboard in Resources */ = {isa = PBXBuildFile; fileRef = 3F291C232BECCFD40044D373 /* LaunchScreen.storyboard */; };
		3F291C302BECCFD50044D373 /* WaterReminderTests.swift in Sources */ = {isa = PBXBuildFile; fileRef = 3F291C2F2BECCFD50044D373 /* WaterReminderTests.swift */; };
		3F291C3A2BECCFD50044D373 /* WaterReminderUITests.swift in Sources */ = {isa = PBXBuildFile; fileRef = 3F291C392BECCFD50044D373 /* WaterReminderUITests.swift */; };
		3F291C3C2BECCFD50044D373 /* WaterReminderUITestsLaunchTests.swift in Sources */ = {isa = PBXBuildFile; fileRef = 3F291C3B2BECCFD50044D373 /* WaterReminderUITestsLaunchTests.swift */; };
/* End PBXBuildFile section */

/* Begin PBXContainerItemProxy section */
		3F291C2C2BECCFD50044D373 /* PBXContainerItemProxy */ = {
			isa = PBXContainerItemProxy;
			containerPortal = 3F291C0A2BECCFD20044D373 /* Project object */;
			proxyType = 1;
			remoteGlobalIDString = 3F291C112BECCFD20044D373;
			remoteInfo = WaterReminder;
		};
		3F291C362BECCFD50044D373 /* PBXContainerItemProxy */ = {
			isa = PBXContainerItemProxy;
			containerPortal = 3F291C0A2BECCFD20044D373 /* Project object */;
			proxyType = 1;
			remoteGlobalIDString = 3F291C112BECCFD20044D373;
			remoteInfo = WaterReminder;
		};
/* End PBXContainerItemProxy section */

/* Begin PBXFileReference section */
		04A823C42BFCF7520006011D /* InfoUser.swift */ = {isa = PBXFileReference; lastKnownFileType = sourcecode.swift; path = InfoUser.swift; sourceTree = "<group>"; };
		04A823C62BFCFC1B0006011D /* Time.swift */ = {isa = PBXFileReference; lastKnownFileType = sourcecode.swift; path = Time.swift; sourceTree = "<group>"; };
		04A823C82BFD05D10006011D /* TimePickerController.swift */ = {isa = PBXFileReference; lastKnownFileType = sourcecode.swift; path = TimePickerController.swift; sourceTree = "<group>"; };
		0C3D3C682BFDD23900ABE79B /* WaterReminder-Bridging-Header.h */ = {isa = PBXFileReference; lastKnownFileType = sourcecode.c.h; path = "WaterReminder-Bridging-Header.h"; sourceTree = "<group>"; };
		0C3D3C692BFDD23A00ABE79B /* FMDB.h */ = {isa = PBXFileReference; fileEncoding = 4; lastKnownFileType = sourcecode.c.h; name = FMDB.h; path = WaterReminder/FMDB/src/FMDB.h; sourceTree = SOURCE_ROOT; };
		0C3D3C6A2BFDD23A00ABE79B /* FMDatabaseQueue.m */ = {isa = PBXFileReference; fileEncoding = 4; lastKnownFileType = sourcecode.c.objc; name = FMDatabaseQueue.m; path = WaterReminder/FMDB/src/FMDatabaseQueue.m; sourceTree = SOURCE_ROOT; };
		0C3D3C6B2BFDD23A00ABE79B /* FMDatabaseAdditions.h */ = {isa = PBXFileReference; fileEncoding = 4; lastKnownFileType = sourcecode.c.h; name = FMDatabaseAdditions.h; path = WaterReminder/FMDB/src/FMDatabaseAdditions.h; sourceTree = SOURCE_ROOT; };
		0C3D3C6C2BFDD23B00ABE79B /* FMDatabasePool.m */ = {isa = PBXFileReference; fileEncoding = 4; lastKnownFileType = sourcecode.c.objc; name = FMDatabasePool.m; path = WaterReminder/FMDB/src/FMDatabasePool.m; sourceTree = SOURCE_ROOT; };
		0C3D3C6D2BFDD23B00ABE79B /* FMResultSet.m */ = {isa = PBXFileReference; fileEncoding = 4; lastKnownFileType = sourcecode.c.objc; name = FMResultSet.m; path = WaterReminder/FMDB/src/FMResultSet.m; sourceTree = SOURCE_ROOT; };
		0C3D3C6E2BFDD23B00ABE79B /* FMDatabaseAdditions.m */ = {isa = PBXFileReference; fileEncoding = 4; lastKnownFileType = sourcecode.c.objc; name = FMDatabaseAdditions.m; path = WaterReminder/FMDB/src/FMDatabaseAdditions.m; sourceTree = SOURCE_ROOT; };
		0C3D3C6F2BFDD23B00ABE79B /* FMDatabase.h */ = {isa = PBXFileReference; fileEncoding = 4; lastKnownFileType = sourcecode.c.h; name = FMDatabase.h; path = WaterReminder/FMDB/src/FMDatabase.h; sourceTree = SOURCE_ROOT; };
		0C3D3C702BFDD23B00ABE79B /* FMDatabase.m */ = {isa = PBXFileReference; fileEncoding = 4; lastKnownFileType = sourcecode.c.objc; name = FMDatabase.m; path = WaterReminder/FMDB/src/FMDatabase.m; sourceTree = SOURCE_ROOT; };
		0C3D3C712BFDD23B00ABE79B /* FMDatabasePool.h */ = {isa = PBXFileReference; fileEncoding = 4; lastKnownFileType = sourcecode.c.h; name = FMDatabasePool.h; path = WaterReminder/FMDB/src/FMDatabasePool.h; sourceTree = SOURCE_ROOT; };
		0C3D3C722BFDD23B00ABE79B /* FMDatabaseQueue.h */ = {isa = PBXFileReference; fileEncoding = 4; lastKnownFileType = sourcecode.c.h; name = FMDatabaseQueue.h; path = WaterReminder/FMDB/src/FMDatabaseQueue.h; sourceTree = SOURCE_ROOT; };
		0C3D3C732BFDD23B00ABE79B /* FMResultSet.h */ = {isa = PBXFileReference; fileEncoding = 4; lastKnownFileType = sourcecode.c.h; name = FMResultSet.h; path = WaterReminder/FMDB/src/FMResultSet.h; sourceTree = SOURCE_ROOT; };
		0C3D3C7B2BFDD2CD00ABE79B /* Database.swift */ = {isa = PBXFileReference; lastKnownFileType = sourcecode.swift; path = Database.swift; sourceTree = "<group>"; };
		0C3D3C7E2BFDD3D000ABE79B /* libsqlite3.0.tbd */ = {isa = PBXFileReference; lastKnownFileType = "sourcecode.text-based-dylib-definition"; name = libsqlite3.0.tbd; path = usr/lib/libsqlite3.0.tbd; sourceTree = SDKROOT; };
		3F291C122BECCFD20044D373 /* WaterReminder.app */ = {isa = PBXFileReference; explicitFileType = wrapper.application; includeInIndex = 0; path = WaterReminder.app; sourceTree = BUILT_PRODUCTS_DIR; };
		3F291C152BECCFD20044D373 /* AppDelegate.swift */ = {isa = PBXFileReference; lastKnownFileType = sourcecode.swift; path = AppDelegate.swift; sourceTree = "<group>"; };
		3F291C172BECCFD20044D373 /* SceneDelegate.swift */ = {isa = PBXFileReference; lastKnownFileType = sourcecode.swift; path = SceneDelegate.swift; sourceTree = "<group>"; };
		3F291C192BECCFD20044D373 /* ViewController.swift */ = {isa = PBXFileReference; lastKnownFileType = sourcecode.swift; path = ViewController.swift; sourceTree = "<group>"; };
		3F291C1C2BECCFD20044D373 /* Base */ = {isa = PBXFileReference; lastKnownFileType = file.storyboard; name = Base; path = Base.lproj/Main.storyboard; sourceTree = "<group>"; };
		3F291C1F2BECCFD20044D373 /* WaterReminder.xcdatamodel */ = {isa = PBXFileReference; lastKnownFileType = wrapper.xcdatamodel; path = WaterReminder.xcdatamodel; sourceTree = "<group>"; };
		3F291C212BECCFD40044D373 /* Assets.xcassets */ = {isa = PBXFileReference; lastKnownFileType = folder.assetcatalog; path = Assets.xcassets; sourceTree = "<group>"; };
		3F291C242BECCFD40044D373 /* Base */ = {isa = PBXFileReference; lastKnownFileType = file.storyboard; name = Base; path = Base.lproj/LaunchScreen.storyboard; sourceTree = "<group>"; };
		3F291C262BECCFD40044D373 /* Info.plist */ = {isa = PBXFileReference; lastKnownFileType = text.plist.xml; path = Info.plist; sourceTree = "<group>"; };
		3F291C2B2BECCFD50044D373 /* WaterReminderTests.xctest */ = {isa = PBXFileReference; explicitFileType = wrapper.cfbundle; includeInIndex = 0; path = WaterReminderTests.xctest; sourceTree = BUILT_PRODUCTS_DIR; };
		3F291C2F2BECCFD50044D373 /* WaterReminderTests.swift */ = {isa = PBXFileReference; lastKnownFileType = sourcecode.swift; path = WaterReminderTests.swift; sourceTree = "<group>"; };
		3F291C352BECCFD50044D373 /* WaterReminderUITests.xctest */ = {isa = PBXFileReference; explicitFileType = wrapper.cfbundle; includeInIndex = 0; path = WaterReminderUITests.xctest; sourceTree = BUILT_PRODUCTS_DIR; };
		3F291C392BECCFD50044D373 /* WaterReminderUITests.swift */ = {isa = PBXFileReference; lastKnownFileType = sourcecode.swift; path = WaterReminderUITests.swift; sourceTree = "<group>"; };
		3F291C3B2BECCFD50044D373 /* WaterReminderUITestsLaunchTests.swift */ = {isa = PBXFileReference; lastKnownFileType = sourcecode.swift; path = WaterReminderUITestsLaunchTests.swift; sourceTree = "<group>"; };
/* End PBXFileReference section */

/* Begin PBXFrameworksBuildPhase section */
		3F291C0F2BECCFD20044D373 /* Frameworks */ = {
			isa = PBXFrameworksBuildPhase;
			buildActionMask = 2147483647;
			files = (
				0C3D3C7F2BFDD3D000ABE79B /* libsqlite3.0.tbd in Frameworks */,
			);
			runOnlyForDeploymentPostprocessing = 0;
		};
		3F291C282BECCFD50044D373 /* Frameworks */ = {
			isa = PBXFrameworksBuildPhase;
			buildActionMask = 2147483647;
			files = (
			);
			runOnlyForDeploymentPostprocessing = 0;
		};
		3F291C322BECCFD50044D373 /* Frameworks */ = {
			isa = PBXFrameworksBuildPhase;
			buildActionMask = 2147483647;
			files = (
			);
			runOnlyForDeploymentPostprocessing = 0;
		};
/* End PBXFrameworksBuildPhase section */

/* Begin PBXGroup section */
		04A823C12BFCF6B40006011D /* Systems */ = {
			isa = PBXGroup;
			children = (
				3F291C152BECCFD20044D373 /* AppDelegate.swift */,
				3F291C172BECCFD20044D373 /* SceneDelegate.swift */,
				3F291C1E2BECCFD20044D373 /* WaterReminder.xcdatamodeld */,
				3F291C262BECCFD40044D373 /* Info.plist */,
				3F291C212BECCFD40044D373 /* Assets.xcassets */,
				3F291C232BECCFD40044D373 /* LaunchScreen.storyboard */,
			);
			name = Systems;
			sourceTree = "<group>";
		};
		04A823C22BFCF6E80006011D /* controllers */ = {
			isa = PBXGroup;
			children = (
				3F291C192BECCFD20044D373 /* ViewController.swift */,
				04A823C82BFD05D10006011D /* TimePickerController.swift */,
			);
			name = controllers;
			sourceTree = "<group>";
		};
		04A823C32BFCF71E0006011D /* models */ = {
			isa = PBXGroup;
			children = (
				04A823C42BFCF7520006011D /* InfoUser.swift */,
				04A823C62BFCFC1B0006011D /* Time.swift */,
			);
			name = models;
			sourceTree = "<group>";
		};
		0C3D3C632BFDD13200ABE79B /* FMDB */ = {
			isa = PBXGroup;
			children = (
				0C3D3C672BFDD20500ABE79B /* fmdb framework */,
				0C3D3C662BFDD1FC00ABE79B /* DAL */,
				0C3D3C642BFDD14C00ABE79B /* src */,
			);
			path = FMDB;
			sourceTree = "<group>";
		};
		0C3D3C642BFDD14C00ABE79B /* src */ = {
			isa = PBXGroup;
			children = (
			);
			path = src;
			sourceTree = "<group>";
		};
		0C3D3C662BFDD1FC00ABE79B /* DAL */ = {
			isa = PBXGroup;
			children = (
				0C3D3C7B2BFDD2CD00ABE79B /* Database.swift */,
			);
			path = DAL;
			sourceTree = "<group>";
		};
		0C3D3C672BFDD20500ABE79B /* fmdb framework */ = {
			isa = PBXGroup;
			children = (
				0C3D3C6F2BFDD23B00ABE79B /* FMDatabase.h */,
				0C3D3C702BFDD23B00ABE79B /* FMDatabase.m */,
				0C3D3C6B2BFDD23A00ABE79B /* FMDatabaseAdditions.h */,
				0C3D3C6E2BFDD23B00ABE79B /* FMDatabaseAdditions.m */,
				0C3D3C712BFDD23B00ABE79B /* FMDatabasePool.h */,
				0C3D3C6C2BFDD23B00ABE79B /* FMDatabasePool.m */,
				0C3D3C722BFDD23B00ABE79B /* FMDatabaseQueue.h */,
				0C3D3C6A2BFDD23A00ABE79B /* FMDatabaseQueue.m */,
				0C3D3C692BFDD23A00ABE79B /* FMDB.h */,
				0C3D3C732BFDD23B00ABE79B /* FMResultSet.h */,
				0C3D3C6D2BFDD23B00ABE79B /* FMResultSet.m */,
				0C3D3C682BFDD23900ABE79B /* WaterReminder-Bridging-Header.h */,
			);
			path = "fmdb framework";
			sourceTree = "<group>";
		};
		0C3D3C7D2BFDD3D000ABE79B /* Frameworks */ = {
			isa = PBXGroup;
			children = (
				0C3D3C7E2BFDD3D000ABE79B /* libsqlite3.0.tbd */,
			);
			name = Frameworks;
			sourceTree = "<group>";
		};
		3F291C092BECCFD20044D373 = {
			isa = PBXGroup;
			children = (
				3F291C142BECCFD20044D373 /* WaterReminder */,
				3F291C2E2BECCFD50044D373 /* WaterReminderTests */,
				3F291C382BECCFD50044D373 /* WaterReminderUITests */,
				3F291C132BECCFD20044D373 /* Products */,
				0C3D3C7D2BFDD3D000ABE79B /* Frameworks */,
			);
			sourceTree = "<group>";
		};
		3F291C132BECCFD20044D373 /* Products */ = {
			isa = PBXGroup;
			children = (
				3F291C122BECCFD20044D373 /* WaterReminder.app */,
				3F291C2B2BECCFD50044D373 /* WaterReminderTests.xctest */,
				3F291C352BECCFD50044D373 /* WaterReminderUITests.xctest */,
			);
			name = Products;
			sourceTree = "<group>";
		};
		3F291C142BECCFD20044D373 /* WaterReminder */ = {
			isa = PBXGroup;
			children = (
				0C3D3C632BFDD13200ABE79B /* FMDB */,
				04A823C32BFCF71E0006011D /* models */,
				04A823C22BFCF6E80006011D /* controllers */,
				3F291C1B2BECCFD20044D373 /* Main.storyboard */,
				04A823C12BFCF6B40006011D /* Systems */,
			);
			path = WaterReminder;
			sourceTree = "<group>";
		};
		3F291C2E2BECCFD50044D373 /* WaterReminderTests */ = {
			isa = PBXGroup;
			children = (
				3F291C2F2BECCFD50044D373 /* WaterReminderTests.swift */,
			);
			path = WaterReminderTests;
			sourceTree = "<group>";
		};
		3F291C382BECCFD50044D373 /* WaterReminderUITests */ = {
			isa = PBXGroup;
			children = (
				3F291C392BECCFD50044D373 /* WaterReminderUITests.swift */,
				3F291C3B2BECCFD50044D373 /* WaterReminderUITestsLaunchTests.swift */,
			);
			path = WaterReminderUITests;
			sourceTree = "<group>";
		};
/* End PBXGroup section */

/* Begin PBXNativeTarget section */
		3F291C112BECCFD20044D373 /* WaterReminder */ = {
			isa = PBXNativeTarget;
			buildConfigurationList = 3F291C3F2BECCFD50044D373 /* Build configuration list for PBXNativeTarget "WaterReminder" */;
			buildPhases = (
				3F291C0E2BECCFD20044D373 /* Sources */,
				3F291C0F2BECCFD20044D373 /* Frameworks */,
				3F291C102BECCFD20044D373 /* Resources */,
			);
			buildRules = (
			);
			dependencies = (
			);
			name = WaterReminder;
			productName = WaterReminder;
			productReference = 3F291C122BECCFD20044D373 /* WaterReminder.app */;
			productType = "com.apple.product-type.application";
		};
		3F291C2A2BECCFD50044D373 /* WaterReminderTests */ = {
			isa = PBXNativeTarget;
			buildConfigurationList = 3F291C422BECCFD50044D373 /* Build configuration list for PBXNativeTarget "WaterReminderTests" */;
			buildPhases = (
				3F291C272BECCFD50044D373 /* Sources */,
				3F291C282BECCFD50044D373 /* Frameworks */,
				3F291C292BECCFD50044D373 /* Resources */,
			);
			buildRules = (
			);
			dependencies = (
				3F291C2D2BECCFD50044D373 /* PBXTargetDependency */,
			);
			name = WaterReminderTests;
			productName = WaterReminderTests;
			productReference = 3F291C2B2BECCFD50044D373 /* WaterReminderTests.xctest */;
			productType = "com.apple.product-type.bundle.unit-test";
		};
		3F291C342BECCFD50044D373 /* WaterReminderUITests */ = {
			isa = PBXNativeTarget;
			buildConfigurationList = 3F291C452BECCFD50044D373 /* Build configuration list for PBXNativeTarget "WaterReminderUITests" */;
			buildPhases = (
				3F291C312BECCFD50044D373 /* Sources */,
				3F291C322BECCFD50044D373 /* Frameworks */,
				3F291C332BECCFD50044D373 /* Resources */,
			);
			buildRules = (
			);
			dependencies = (
				3F291C372BECCFD50044D373 /* PBXTargetDependency */,
			);
			name = WaterReminderUITests;
			productName = WaterReminderUITests;
			productReference = 3F291C352BECCFD50044D373 /* WaterReminderUITests.xctest */;
			productType = "com.apple.product-type.bundle.ui-testing";
		};
/* End PBXNativeTarget section */

/* Begin PBXProject section */
		3F291C0A2BECCFD20044D373 /* Project object */ = {
			isa = PBXProject;
			attributes = {
				BuildIndependentTargetsInParallel = 1;
				LastSwiftUpdateCheck = 1420;
				LastUpgradeCheck = 1420;
				TargetAttributes = {
					3F291C112BECCFD20044D373 = {
						CreatedOnToolsVersion = 14.2;
						LastSwiftMigration = 1420;
					};
					3F291C2A2BECCFD50044D373 = {
						CreatedOnToolsVersion = 14.2;
						TestTargetID = 3F291C112BECCFD20044D373;
					};
					3F291C342BECCFD50044D373 = {
						CreatedOnToolsVersion = 14.2;
						TestTargetID = 3F291C112BECCFD20044D373;
					};
				};
			};
			buildConfigurationList = 3F291C0D2BECCFD20044D373 /* Build configuration list for PBXProject "WaterReminder" */;
			compatibilityVersion = "Xcode 14.0";
			developmentRegion = en;
			hasScannedForEncodings = 0;
			knownRegions = (
				en,
				Base,
			);
			mainGroup = 3F291C092BECCFD20044D373;
			productRefGroup = 3F291C132BECCFD20044D373 /* Products */;
			projectDirPath = "";
			projectRoot = "";
			targets = (
				3F291C112BECCFD20044D373 /* WaterReminder */,
				3F291C2A2BECCFD50044D373 /* WaterReminderTests */,
				3F291C342BECCFD50044D373 /* WaterReminderUITests */,
			);
		};
/* End PBXProject section */

/* Begin PBXResourcesBuildPhase section */
		3F291C102BECCFD20044D373 /* Resources */ = {
			isa = PBXResourcesBuildPhase;
			buildActionMask = 2147483647;
			files = (
				3F291C252BECCFD40044D373 /* LaunchScreen.storyboard in Resources */,
				3F291C222BECCFD40044D373 /* Assets.xcassets in Resources */,
				3F291C1D2BECCFD20044D373 /* Main.storyboard in Resources */,
			);
			runOnlyForDeploymentPostprocessing = 0;
		};
		3F291C292BECCFD50044D373 /* Resources */ = {
			isa = PBXResourcesBuildPhase;
			buildActionMask = 2147483647;
			files = (
			);
			runOnlyForDeploymentPostprocessing = 0;
		};
		3F291C332BECCFD50044D373 /* Resources */ = {
			isa = PBXResourcesBuildPhase;
			buildActionMask = 2147483647;
			files = (
			);
			runOnlyForDeploymentPostprocessing = 0;
		};
/* End PBXResourcesBuildPhase section */

/* Begin PBXSourcesBuildPhase section */
		3F291C0E2BECCFD20044D373 /* Sources */ = {
			isa = PBXSourcesBuildPhase;
			buildActionMask = 2147483647;
			files = (
				04A823C72BFCFC1B0006011D /* Time.swift in Sources */,
				0C3D3C742BFDD23B00ABE79B /* FMDatabaseQueue.m in Sources */,
				04A823C52BFCF7520006011D /* InfoUser.swift in Sources */,
				0C3D3C782BFDD23B00ABE79B /* FMDatabase.m in Sources */,
				3F291C1A2BECCFD20044D373 /* ViewController.swift in Sources */,
				0C3D3C762BFDD23B00ABE79B /* FMResultSet.m in Sources */,
				0C3D3C752BFDD23B00ABE79B /* FMDatabasePool.m in Sources */,
				3F291C162BECCFD20044D373 /* AppDelegate.swift in Sources */,
				0C3D3C772BFDD23B00ABE79B /* FMDatabaseAdditions.m in Sources */,
				3F291C182BECCFD20044D373 /* SceneDelegate.swift in Sources */,
				3F291C202BECCFD20044D373 /* WaterReminder.xcdatamodeld in Sources */,
				0C3D3C7C2BFDD2CD00ABE79B /* Database.swift in Sources */,
				04A823C92BFD05D10006011D /* TimePickerController.swift in Sources */,
			);
			runOnlyForDeploymentPostprocessing = 0;
		};
		3F291C272BECCFD50044D373 /* Sources */ = {
			isa = PBXSourcesBuildPhase;
			buildActionMask = 2147483647;
			files = (
				3F291C302BECCFD50044D373 /* WaterReminderTests.swift in Sources */,
			);
			runOnlyForDeploymentPostprocessing = 0;
		};
		3F291C312BECCFD50044D373 /* Sources */ = {
			isa = PBXSourcesBuildPhase;
			buildActionMask = 2147483647;
			files = (
				3F291C3C2BECCFD50044D373 /* WaterReminderUITestsLaunchTests.swift in Sources */,
				3F291C3A2BECCFD50044D373 /* WaterReminderUITests.swift in Sources */,
			);
			runOnlyForDeploymentPostprocessing = 0;
		};
/* End PBXSourcesBuildPhase section */

/* Begin PBXTargetDependency section */
		3F291C2D2BECCFD50044D373 /* PBXTargetDependency */ = {
			isa = PBXTargetDependency;
			target = 3F291C112BECCFD20044D373 /* WaterReminder */;
			targetProxy = 3F291C2C2BECCFD50044D373 /* PBXContainerItemProxy */;
		};
		3F291C372BECCFD50044D373 /* PBXTargetDependency */ = {
			isa = PBXTargetDependency;
			target = 3F291C112BECCFD20044D373 /* WaterReminder */;
			targetProxy = 3F291C362BECCFD50044D373 /* PBXContainerItemProxy */;
		};
/* End PBXTargetDependency section */

/* Begin PBXVariantGroup section */
		3F291C1B2BECCFD20044D373 /* Main.storyboard */ = {
			isa = PBXVariantGroup;
			children = (
				3F291C1C2BECCFD20044D373 /* Base */,
			);
			name = Main.storyboard;
			sourceTree = "<group>";
		};
		3F291C232BECCFD40044D373 /* LaunchScreen.storyboard */ = {
			isa = PBXVariantGroup;
			children = (
				3F291C242BECCFD40044D373 /* Base */,
			);
			name = LaunchScreen.storyboard;
			sourceTree = "<group>";
		};
/* End PBXVariantGroup section */

/* Begin XCBuildConfiguration section */
		3F291C3D2BECCFD50044D373 /* Debug */ = {
			isa = XCBuildConfiguration;
			buildSettings = {
				ALWAYS_SEARCH_USER_PATHS = NO;
				CLANG_ANALYZER_NONNULL = YES;
				CLANG_ANALYZER_NUMBER_OBJECT_CONVERSION = YES_AGGRESSIVE;
				CLANG_CXX_LANGUAGE_STANDARD = "gnu++20";
				CLANG_ENABLE_MODULES = YES;
				CLANG_ENABLE_OBJC_ARC = YES;
				CLANG_ENABLE_OBJC_WEAK = YES;
				CLANG_WARN_BLOCK_CAPTURE_AUTORELEASING = YES;
				CLANG_WARN_BOOL_CONVERSION = YES;
				CLANG_WARN_COMMA = YES;
				CLANG_WARN_CONSTANT_CONVERSION = YES;
				CLANG_WARN_DEPRECATED_OBJC_IMPLEMENTATIONS = YES;
				CLANG_WARN_DIRECT_OBJC_ISA_USAGE = YES_ERROR;
				CLANG_WARN_DOCUMENTATION_COMMENTS = YES;
				CLANG_WARN_EMPTY_BODY = YES;
				CLANG_WARN_ENUM_CONVERSION = YES;
				CLANG_WARN_INFINITE_RECURSION = YES;
				CLANG_WARN_INT_CONVERSION = YES;
				CLANG_WARN_NON_LITERAL_NULL_CONVERSION = YES;
				CLANG_WARN_OBJC_IMPLICIT_RETAIN_SELF = YES;
				CLANG_WARN_OBJC_LITERAL_CONVERSION = YES;
				CLANG_WARN_OBJC_ROOT_CLASS = YES_ERROR;
				CLANG_WARN_QUOTED_INCLUDE_IN_FRAMEWORK_HEADER = YES;
				CLANG_WARN_RANGE_LOOP_ANALYSIS = YES;
				CLANG_WARN_STRICT_PROTOTYPES = YES;
				CLANG_WARN_SUSPICIOUS_MOVE = YES;
				CLANG_WARN_UNGUARDED_AVAILABILITY = YES_AGGRESSIVE;
				CLANG_WARN_UNREACHABLE_CODE = YES;
				CLANG_WARN__DUPLICATE_METHOD_MATCH = YES;
				COPY_PHASE_STRIP = NO;
				DEBUG_INFORMATION_FORMAT = dwarf;
				ENABLE_STRICT_OBJC_MSGSEND = YES;
				ENABLE_TESTABILITY = YES;
				GCC_C_LANGUAGE_STANDARD = gnu11;
				GCC_DYNAMIC_NO_PIC = NO;
				GCC_NO_COMMON_BLOCKS = YES;
				GCC_OPTIMIZATION_LEVEL = 0;
				GCC_PREPROCESSOR_DEFINITIONS = (
					"DEBUG=1",
					"$(inherited)",
				);
				GCC_WARN_64_TO_32_BIT_CONVERSION = YES;
				GCC_WARN_ABOUT_RETURN_TYPE = YES_ERROR;
				GCC_WARN_UNDECLARED_SELECTOR = YES;
				GCC_WARN_UNINITIALIZED_AUTOS = YES_AGGRESSIVE;
				GCC_WARN_UNUSED_FUNCTION = YES;
				GCC_WARN_UNUSED_VARIABLE = YES;
				IPHONEOS_DEPLOYMENT_TARGET = 16.2;
				MTL_ENABLE_DEBUG_INFO = INCLUDE_SOURCE;
				MTL_FAST_MATH = YES;
				ONLY_ACTIVE_ARCH = YES;
				SDKROOT = iphoneos;
				SWIFT_ACTIVE_COMPILATION_CONDITIONS = DEBUG;
				SWIFT_OPTIMIZATION_LEVEL = "-Onone";
			};
			name = Debug;
		};
		3F291C3E2BECCFD50044D373 /* Release */ = {
			isa = XCBuildConfiguration;
			buildSettings = {
				ALWAYS_SEARCH_USER_PATHS = NO;
				CLANG_ANALYZER_NONNULL = YES;
				CLANG_ANALYZER_NUMBER_OBJECT_CONVERSION = YES_AGGRESSIVE;
				CLANG_CXX_LANGUAGE_STANDARD = "gnu++20";
				CLANG_ENABLE_MODULES = YES;
				CLANG_ENABLE_OBJC_ARC = YES;
				CLANG_ENABLE_OBJC_WEAK = YES;
				CLANG_WARN_BLOCK_CAPTURE_AUTORELEASING = YES;
				CLANG_WARN_BOOL_CONVERSION = YES;
				CLANG_WARN_COMMA = YES;
				CLANG_WARN_CONSTANT_CONVERSION = YES;
				CLANG_WARN_DEPRECATED_OBJC_IMPLEMENTATIONS = YES;
				CLANG_WARN_DIRECT_OBJC_ISA_USAGE = YES_ERROR;
				CLANG_WARN_DOCUMENTATION_COMMENTS = YES;
				CLANG_WARN_EMPTY_BODY = YES;
				CLANG_WARN_ENUM_CONVERSION = YES;
				CLANG_WARN_INFINITE_RECURSION = YES;
				CLANG_WARN_INT_CONVERSION = YES;
				CLANG_WARN_NON_LITERAL_NULL_CONVERSION = YES;
				CLANG_WARN_OBJC_IMPLICIT_RETAIN_SELF = YES;
				CLANG_WARN_OBJC_LITERAL_CONVERSION = YES;
				CLANG_WARN_OBJC_ROOT_CLASS = YES_ERROR;
				CLANG_WARN_QUOTED_INCLUDE_IN_FRAMEWORK_HEADER = YES;
				CLANG_WARN_RANGE_LOOP_ANALYSIS = YES;
				CLANG_WARN_STRICT_PROTOTYPES = YES;
				CLANG_WARN_SUSPICIOUS_MOVE = YES;
				CLANG_WARN_UNGUARDED_AVAILABILITY = YES_AGGRESSIVE;
				CLANG_WARN_UNREACHABLE_CODE = YES;
				CLANG_WARN__DUPLICATE_METHOD_MATCH = YES;
				COPY_PHASE_STRIP = NO;
				DEBUG_INFORMATION_FORMAT = "dwarf-with-dsym";
				ENABLE_NS_ASSERTIONS = NO;
				ENABLE_STRICT_OBJC_MSGSEND = YES;
				GCC_C_LANGUAGE_STANDARD = gnu11;
				GCC_NO_COMMON_BLOCKS = YES;
				GCC_WARN_64_TO_32_BIT_CONVERSION = YES;
				GCC_WARN_ABOUT_RETURN_TYPE = YES_ERROR;
				GCC_WARN_UNDECLARED_SELECTOR = YES;
				GCC_WARN_UNINITIALIZED_AUTOS = YES_AGGRESSIVE;
				GCC_WARN_UNUSED_FUNCTION = YES;
				GCC_WARN_UNUSED_VARIABLE = YES;
				IPHONEOS_DEPLOYMENT_TARGET = 16.2;
				MTL_ENABLE_DEBUG_INFO = NO;
				MTL_FAST_MATH = YES;
				SDKROOT = iphoneos;
				SWIFT_COMPILATION_MODE = wholemodule;
				SWIFT_OPTIMIZATION_LEVEL = "-O";
				VALIDATE_PRODUCT = YES;
			};
			name = Release;
		};
		3F291C402BECCFD50044D373 /* Debug */ = {
			isa = XCBuildConfiguration;
			buildSettings = {
				ASSETCATALOG_COMPILER_APPICON_NAME = AppIcon;
				ASSETCATALOG_COMPILER_GLOBAL_ACCENT_COLOR_NAME = AccentColor;
				CLANG_ENABLE_MODULES = YES;
				CODE_SIGN_STYLE = Automatic;
				CURRENT_PROJECT_VERSION = 1;
				GENERATE_INFOPLIST_FILE = YES;
				INFOPLIST_FILE = WaterReminder/Info.plist;
				INFOPLIST_KEY_UIApplicationSupportsIndirectInputEvents = YES;
				INFOPLIST_KEY_UILaunchStoryboardName = LaunchScreen;
				INFOPLIST_KEY_UIMainStoryboardFile = Main;
				INFOPLIST_KEY_UISupportedInterfaceOrientations_iPad = "UIInterfaceOrientationPortrait UIInterfaceOrientationPortraitUpsideDown UIInterfaceOrientationLandscapeLeft UIInterfaceOrientationLandscapeRight";
				INFOPLIST_KEY_UISupportedInterfaceOrientations_iPhone = "UIInterfaceOrientationPortrait UIInterfaceOrientationLandscapeLeft UIInterfaceOrientationLandscapeRight";
				LD_RUNPATH_SEARCH_PATHS = (
					"$(inherited)",
					"@executable_path/Frameworks",
				);
				MARKETING_VERSION = 1.0;
				PRODUCT_BUNDLE_IDENTIFIER = vn.tdc.edu.WaterReminder;
				PRODUCT_NAME = "$(TARGET_NAME)";
				SWIFT_EMIT_LOC_STRINGS = YES;
				SWIFT_OBJC_BRIDGING_HEADER = "WaterReminder/FMDB/fmdb framework/WaterReminder-Bridging-Header.h";
				SWIFT_OPTIMIZATION_LEVEL = "-Onone";
				SWIFT_VERSION = 5.0;
				TARGETED_DEVICE_FAMILY = "1,2";
			};
			name = Debug;
		};
		3F291C412BECCFD50044D373 /* Release */ = {
			isa = XCBuildConfiguration;
			buildSettings = {
				ASSETCATALOG_COMPILER_APPICON_NAME = AppIcon;
				ASSETCATALOG_COMPILER_GLOBAL_ACCENT_COLOR_NAME = AccentColor;
				CLANG_ENABLE_MODULES = YES;
				CODE_SIGN_STYLE = Automatic;
				CURRENT_PROJECT_VERSION = 1;
				GENERATE_INFOPLIST_FILE = YES;
				INFOPLIST_FILE = WaterReminder/Info.plist;
				INFOPLIST_KEY_UIApplicationSupportsIndirectInputEvents = YES;
				INFOPLIST_KEY_UILaunchStoryboardName = LaunchScreen;
				INFOPLIST_KEY_UIMainStoryboardFile = Main;
				INFOPLIST_KEY_UISupportedInterfaceOrientations_iPad = "UIInterfaceOrientationPortrait UIInterfaceOrientationPortraitUpsideDown UIInterfaceOrientationLandscapeLeft UIInterfaceOrientationLandscapeRight";
				INFOPLIST_KEY_UISupportedInterfaceOrientations_iPhone = "UIInterfaceOrientationPortrait UIInterfaceOrientationLandscapeLeft UIInterfaceOrientationLandscapeRight";
				LD_RUNPATH_SEARCH_PATHS = (
					"$(inherited)",
					"@executable_path/Frameworks",
				);
				MARKETING_VERSION = 1.0;
				PRODUCT_BUNDLE_IDENTIFIER = vn.tdc.edu.WaterReminder;
				PRODUCT_NAME = "$(TARGET_NAME)";
				SWIFT_EMIT_LOC_STRINGS = YES;
				SWIFT_OBJC_BRIDGING_HEADER = "WaterReminder/FMDB/fmdb framework/WaterReminder-Bridging-Header.h";
				SWIFT_VERSION = 5.0;
				TARGETED_DEVICE_FAMILY = "1,2";
			};
			name = Release;
		};
		3F291C432BECCFD50044D373 /* Debug */ = {
			isa = XCBuildConfiguration;
			buildSettings = {
				ALWAYS_EMBED_SWIFT_STANDARD_LIBRARIES = YES;
				BUNDLE_LOADER = "$(TEST_HOST)";
				CODE_SIGN_STYLE = Automatic;
				CURRENT_PROJECT_VERSION = 1;
				GENERATE_INFOPLIST_FILE = YES;
				IPHONEOS_DEPLOYMENT_TARGET = 16.2;
				MARKETING_VERSION = 1.0;
				PRODUCT_BUNDLE_IDENTIFIER = vn.tdc.edu.WaterReminderTests;
				PRODUCT_NAME = "$(TARGET_NAME)";
				SWIFT_EMIT_LOC_STRINGS = NO;
				SWIFT_VERSION = 5.0;
				TARGETED_DEVICE_FAMILY = "1,2";
				TEST_HOST = "$(BUILT_PRODUCTS_DIR)/WaterReminder.app/$(BUNDLE_EXECUTABLE_FOLDER_PATH)/WaterReminder";
			};
			name = Debug;
		};
		3F291C442BECCFD50044D373 /* Release */ = {
			isa = XCBuildConfiguration;
			buildSettings = {
				ALWAYS_EMBED_SWIFT_STANDARD_LIBRARIES = YES;
				BUNDLE_LOADER = "$(TEST_HOST)";
				CODE_SIGN_STYLE = Automatic;
				CURRENT_PROJECT_VERSION = 1;
				GENERATE_INFOPLIST_FILE = YES;
				IPHONEOS_DEPLOYMENT_TARGET = 16.2;
				MARKETING_VERSION = 1.0;
				PRODUCT_BUNDLE_IDENTIFIER = vn.tdc.edu.WaterReminderTests;
				PRODUCT_NAME = "$(TARGET_NAME)";
				SWIFT_EMIT_LOC_STRINGS = NO;
				SWIFT_VERSION = 5.0;
				TARGETED_DEVICE_FAMILY = "1,2";
				TEST_HOST = "$(BUILT_PRODUCTS_DIR)/WaterReminder.app/$(BUNDLE_EXECUTABLE_FOLDER_PATH)/WaterReminder";
			};
			name = Release;
		};
		3F291C462BECCFD50044D373 /* Debug */ = {
			isa = XCBuildConfiguration;
			buildSettings = {
				ALWAYS_EMBED_SWIFT_STANDARD_LIBRARIES = YES;
				CODE_SIGN_STYLE = Automatic;
				CURRENT_PROJECT_VERSION = 1;
				GENERATE_INFOPLIST_FILE = YES;
				MARKETING_VERSION = 1.0;
				PRODUCT_BUNDLE_IDENTIFIER = vn.tdc.edu.WaterReminderUITests;
				PRODUCT_NAME = "$(TARGET_NAME)";
				SWIFT_EMIT_LOC_STRINGS = NO;
				SWIFT_VERSION = 5.0;
				TARGETED_DEVICE_FAMILY = "1,2";
				TEST_TARGET_NAME = WaterReminder;
			};
			name = Debug;
		};
		3F291C472BECCFD50044D373 /* Release */ = {
			isa = XCBuildConfiguration;
			buildSettings = {
				ALWAYS_EMBED_SWIFT_STANDARD_LIBRARIES = YES;
				CODE_SIGN_STYLE = Automatic;
				CURRENT_PROJECT_VERSION = 1;
				GENERATE_INFOPLIST_FILE = YES;
				MARKETING_VERSION = 1.0;
				PRODUCT_BUNDLE_IDENTIFIER = vn.tdc.edu.WaterReminderUITests;
				PRODUCT_NAME = "$(TARGET_NAME)";
				SWIFT_EMIT_LOC_STRINGS = NO;
				SWIFT_VERSION = 5.0;
				TARGETED_DEVICE_FAMILY = "1,2";
				TEST_TARGET_NAME = WaterReminder;
			};
			name = Release;
		};
/* End XCBuildConfiguration section */

/* Begin XCConfigurationList section */
		3F291C0D2BECCFD20044D373 /* Build configuration list for PBXProject "WaterReminder" */ = {
			isa = XCConfigurationList;
			buildConfigurations = (
				3F291C3D2BECCFD50044D373 /* Debug */,
				3F291C3E2BECCFD50044D373 /* Release */,
			);
			defaultConfigurationIsVisible = 0;
			defaultConfigurationName = Release;
		};
		3F291C3F2BECCFD50044D373 /* Build configuration list for PBXNativeTarget "WaterReminder" */ = {
			isa = XCConfigurationList;
			buildConfigurations = (
				3F291C402BECCFD50044D373 /* Debug */,
				3F291C412BECCFD50044D373 /* Release */,
			);
			defaultConfigurationIsVisible = 0;
			defaultConfigurationName = Release;
		};
		3F291C422BECCFD50044D373 /* Build configuration list for PBXNativeTarget "WaterReminderTests" */ = {
			isa = XCConfigurationList;
			buildConfigurations = (
				3F291C432BECCFD50044D373 /* Debug */,
				3F291C442BECCFD50044D373 /* Release */,
			);
			defaultConfigurationIsVisible = 0;
			defaultConfigurationName = Release;
		};
		3F291C452BECCFD50044D373 /* Build configuration list for PBXNativeTarget "WaterReminderUITests" */ = {
			isa = XCConfigurationList;
			buildConfigurations = (
				3F291C462BECCFD50044D373 /* Debug */,
				3F291C472BECCFD50044D373 /* Release */,
			);
			defaultConfigurationIsVisible = 0;
			defaultConfigurationName = Release;
		};
/* End XCConfigurationList section */

/* Begin XCVersionGroup section */
		3F291C1E2BECCFD20044D373 /* WaterReminder.xcdatamodeld */ = {
			isa = XCVersionGroup;
			children = (
				3F291C1F2BECCFD20044D373 /* WaterReminder.xcdatamodel */,
			);
			currentVersion = 3F291C1F2BECCFD20044D373 /* WaterReminder.xcdatamodel */;
			path = WaterReminder.xcdatamodeld;
			sourceTree = "<group>";
			versionGroupType = wrapper.xcdatamodel;
		};
/* End XCVersionGroup section */
	};
	rootObject = 3F291C0A2BECCFD20044D373 /* Project object */;
}
